
Microsoft Visual Studio Solution File, Format Version 12.00
# Visual Studio 14
VisualStudioVersion = 14.0.25420.1
MinimumVisualStudioVersion = 10.0.40219.1
Project("{FAE04EC0-301F-11D3-BF4B-00C04F79EFBC}") = "FabrikamFoodApp", "FabrikamFoodApp\FabrikamFoodApp\FabrikamFoodApp.csproj", "{B1B486C7-2BF2-4630-91E5-04BFD36F521F}"
EndProject
Project("{FAE04EC0-301F-11D3-BF4B-00C04F79EFBC}") = "FabrikamFoodApp.Droid", "FabrikamFoodApp\FabrikamFoodApp.Droid\FabrikamFoodApp.Droid.csproj", "{298CB885-A18D-4EEB-BB4C-BAC3E0D06AD2}"
EndProject
Project("{FAE04EC0-301F-11D3-BF4B-00C04F79EFBC}") = "FabrikamFoodApp.iOS", "FabrikamFoodApp\FabrikamFoodApp.iOS\FabrikamFoodApp.iOS.csproj", "{A4E1E75F-487A-47AB-9006-1E8CB68444C4}"
EndProject
Project("{FAE04EC0-301F-11D3-BF4B-00C04F79EFBC}") = "FabrikamFoodApp.WinPhone", "FabrikamFoodApp\FabrikamFoodApp.WinPhone\FabrikamFoodApp.WinPhone.csproj", "{56062473-08DF-444A-859E-913A5F969E87}"
EndProject
Project("{FAE04EC0-301F-11D3-BF4B-00C04F79EFBC}") = "FabrikamFoodApp.UWP", "FabrikamFoodApp\FabrikamFoodApp.UWP\FabrikamFoodApp.UWP.csproj", "{5D2F019F-5CDD-4CC2-B87D-EB4E2B4BFDDC}"
EndProject
Global
	GlobalSection(SolutionConfigurationPlatforms) = preSolution
		Ad-Hoc|Any CPU = Ad-Hoc|Any CPU
		Ad-Hoc|ARM = Ad-Hoc|ARM
		Ad-Hoc|iPhone = Ad-Hoc|iPhone
		Ad-Hoc|iPhoneSimulator = Ad-Hoc|iPhoneSimulator
		Ad-Hoc|x64 = Ad-Hoc|x64
		Ad-Hoc|x86 = Ad-Hoc|x86
		AppStore|Any CPU = AppStore|Any CPU
		AppStore|ARM = AppStore|ARM
		AppStore|iPhone = AppStore|iPhone
		AppStore|iPhoneSimulator = AppStore|iPhoneSimulator
		AppStore|x64 = AppStore|x64
		AppStore|x86 = AppStore|x86
		Debug|Any CPU = Debug|Any CPU
		Debug|ARM = Debug|ARM
		Debug|iPhone = Debug|iPhone
		Debug|iPhoneSimulator = Debug|iPhoneSimulator
		Debug|x64 = Debug|x64
		Debug|x86 = Debug|x86
		Release|Any CPU = Release|Any CPU
		Release|ARM = Release|ARM
		Release|iPhone = Release|iPhone
		Release|iPhoneSimulator = Release|iPhoneSimulator
		Release|x64 = Release|x64
		Release|x86 = Release|x86
	EndGlobalSection
	GlobalSection(ProjectConfigurationPlatforms) = postSolution
		{B1B486C7-2BF2-4630-91E5-04BFD36F521F}.Ad-Hoc|Any CPU.ActiveCfg = Release|Any CPU
		{B1B486C7-2BF2-4630-91E5-04BFD36F521F}.Ad-Hoc|Any CPU.Build.0 = Release|Any CPU
		{B1B486C7-2BF2-4630-91E5-04BFD36F521F}.Ad-Hoc|ARM.ActiveCfg = Release|Any CPU
		{B1B486C7-2BF2-4630-91E5-04BFD36F521F}.Ad-Hoc|ARM.Build.0 = Release|Any CPU
		{B1B486C7-2BF2-4630-91E5-04BFD36F521F}.Ad-Hoc|iPhone.ActiveCfg = Release|Any CPU
		{B1B486C7-2BF2-4630-91E5-04BFD36F521F}.Ad-Hoc|iPhone.Build.0 = Release|Any CPU
		{B1B486C7-2BF2-4630-91E5-04BFD36F521F}.Ad-Hoc|iPhoneSimulator.ActiveCfg = Release|Any CPU
		{B1B486C7-2BF2-4630-91E5-04BFD36F521F}.Ad-Hoc|iPhoneSimulator.Build.0 = Release|Any CPU
		{B1B486C7-2BF2-4630-91E5-04BFD36F521F}.Ad-Hoc|x64.ActiveCfg = Release|Any CPU
		{B1B486C7-2BF2-4630-91E5-04BFD36F521F}.Ad-Hoc|x64.Build.0 = Release|Any CPU
		{B1B486C7-2BF2-4630-91E5-04BFD36F521F}.Ad-Hoc|x86.ActiveCfg = Release|Any CPU
		{B1B486C7-2BF2-4630-91E5-04BFD36F521F}.Ad-Hoc|x86.Build.0 = Release|Any CPU
		{B1B486C7-2BF2-4630-91E5-04BFD36F521F}.AppStore|Any CPU.ActiveCfg = Release|Any CPU
		{B1B486C7-2BF2-4630-91E5-04BFD36F521F}.AppStore|Any CPU.Build.0 = Release|Any CPU
		{B1B486C7-2BF2-4630-91E5-04BFD36F521F}.AppStore|ARM.ActiveCfg = Release|Any CPU
		{B1B486C7-2BF2-4630-91E5-04BFD36F521F}.AppStore|ARM.Build.0 = Release|Any CPU
		{B1B486C7-2BF2-4630-91E5-04BFD36F521F}.AppStore|iPhone.ActiveCfg = Release|Any CPU
		{B1B486C7-2BF2-4630-91E5-04BFD36F521F}.AppStore|iPhone.Build.0 = Release|Any CPU
		{B1B486C7-2BF2-4630-91E5-04BFD36F521F}.AppStore|iPhoneSimulator.ActiveCfg = Release|Any CPU
		{B1B486C7-2BF2-4630-91E5-04BFD36F521F}.AppStore|iPhoneSimulator.Build.0 = Release|Any CPU
		{B1B486C7-2BF2-4630-91E5-04BFD36F521F}.AppStore|x64.ActiveCfg = Release|Any CPU
		{B1B486C7-2BF2-4630-91E5-04BFD36F521F}.AppStore|x64.Build.0 = Release|Any CPU
		{B1B486C7-2BF2-4630-91E5-04BFD36F521F}.AppStore|x86.ActiveCfg = Release|Any CPU
		{B1B486C7-2BF2-4630-91E5-04BFD36F521F}.AppStore|x86.Build.0 = Release|Any CPU
		{B1B486C7-2BF2-4630-91E5-04BFD36F521F}.Debug|Any CPU.ActiveCfg = Debug|Any CPU
		{B1B486C7-2BF2-4630-91E5-04BFD36F521F}.Debug|Any CPU.Build.0 = Debug|Any CPU
		{B1B486C7-2BF2-4630-91E5-04BFD36F521F}.Debug|ARM.ActiveCfg = Debug|Any CPU
		{B1B486C7-2BF2-4630-91E5-04BFD36F521F}.Debug|ARM.Build.0 = Debug|Any CPU
		{B1B486C7-2BF2-4630-91E5-04BFD36F521F}.Debug|iPhone.ActiveCfg = Debug|Any CPU
		{B1B486C7-2BF2-4630-91E5-04BFD36F521F}.Debug|iPhone.Build.0 = Debug|Any CPU
		{B1B486C7-2BF2-4630-91E5-04BFD36F521F}.Debug|iPhoneSimulator.ActiveCfg = Debug|Any CPU
		{B1B486C7-2BF2-4630-91E5-04BFD36F521F}.Debug|iPhoneSimulator.Build.0 = Debug|Any CPU
		{B1B486C7-2BF2-4630-91E5-04BFD36F521F}.Debug|x64.ActiveCfg = Debug|Any CPU
		{B1B486C7-2BF2-4630-91E5-04BFD36F521F}.Debug|x64.Build.0 = Debug|Any CPU
		{B1B486C7-2BF2-4630-91E5-04BFD36F521F}.Debug|x86.ActiveCfg = Debug|Any CPU
		{B1B486C7-2BF2-4630-91E5-04BFD36F521F}.Debug|x86.Build.0 = Debug|Any CPU
		{B1B486C7-2BF2-4630-91E5-04BFD36F521F}.Release|Any CPU.ActiveCfg = Release|Any CPU
		{B1B486C7-2BF2-4630-91E5-04BFD36F521F}.Release|Any CPU.Build.0 = Release|Any CPU
		{B1B486C7-2BF2-4630-91E5-04BFD36F521F}.Release|ARM.ActiveCfg = Release|Any CPU
		{B1B486C7-2BF2-4630-91E5-04BFD36F521F}.Release|ARM.Build.0 = Release|Any CPU
		{B1B486C7-2BF2-4630-91E5-04BFD36F521F}.Release|iPhone.ActiveCfg = Release|Any CPU
		{B1B486C7-2BF2-4630-91E5-04BFD36F521F}.Release|iPhone.Build.0 = Release|Any CPU
		{B1B486C7-2BF2-4630-91E5-04BFD36F521F}.Release|iPhoneSimulator.ActiveCfg = Release|Any CPU
		{B1B486C7-2BF2-4630-91E5-04BFD36F521F}.Release|iPhoneSimulator.Build.0 = Release|Any CPU
		{B1B486C7-2BF2-4630-91E5-04BFD36F521F}.Release|x64.ActiveCfg = Release|Any CPU
		{B1B486C7-2BF2-4630-91E5-04BFD36F521F}.Release|x64.Build.0 = Release|Any CPU
		{B1B486C7-2BF2-4630-91E5-04BFD36F521F}.Release|x86.ActiveCfg = Release|Any CPU
		{B1B486C7-2BF2-4630-91E5-04BFD36F521F}.Release|x86.Build.0 = Release|Any CPU
		{298CB885-A18D-4EEB-BB4C-BAC3E0D06AD2}.Ad-Hoc|Any CPU.ActiveCfg = Release|Any CPU
		{298CB885-A18D-4EEB-BB4C-BAC3E0D06AD2}.Ad-Hoc|Any CPU.Build.0 = Release|Any CPU
		{298CB885-A18D-4EEB-BB4C-BAC3E0D06AD2}.Ad-Hoc|Any CPU.Deploy.0 = Release|Any CPU
		{298CB885-A18D-4EEB-BB4C-BAC3E0D06AD2}.Ad-Hoc|ARM.ActiveCfg = Release|Any CPU
		{298CB885-A18D-4EEB-BB4C-BAC3E0D06AD2}.Ad-Hoc|ARM.Build.0 = Release|Any CPU
		{298CB885-A18D-4EEB-BB4C-BAC3E0D06AD2}.Ad-Hoc|ARM.Deploy.0 = Release|Any CPU
		{298CB885-A18D-4EEB-BB4C-BAC3E0D06AD2}.Ad-Hoc|iPhone.ActiveCfg = Release|Any CPU
		{298CB885-A18D-4EEB-BB4C-BAC3E0D06AD2}.Ad-Hoc|iPhone.Build.0 = Release|Any CPU
		{298CB885-A18D-4EEB-BB4C-BAC3E0D06AD2}.Ad-Hoc|iPhone.Deploy.0 = Release|Any CPU
		{298CB885-A18D-4EEB-BB4C-BAC3E0D06AD2}.Ad-Hoc|iPhoneSimulator.ActiveCfg = Release|Any CPU
		{298CB885-A18D-4EEB-BB4C-BAC3E0D06AD2}.Ad-Hoc|iPhoneSimulator.Build.0 = Release|Any CPU
		{298CB885-A18D-4EEB-BB4C-BAC3E0D06AD2}.Ad-Hoc|iPhoneSimulator.Deploy.0 = Release|Any CPU
		{298CB885-A18D-4EEB-BB4C-BAC3E0D06AD2}.Ad-Hoc|x64.ActiveCfg = Release|Any CPU
		{298CB885-A18D-4EEB-BB4C-BAC3E0D06AD2}.Ad-Hoc|x64.Build.0 = Release|Any CPU
		{298CB885-A18D-4EEB-BB4C-BAC3E0D06AD2}.Ad-Hoc|x64.Deploy.0 = Release|Any CPU
		{298CB885-A18D-4EEB-BB4C-BAC3E0D06AD2}.Ad-Hoc|x86.ActiveCfg = Release|Any CPU
		{298CB885-A18D-4EEB-BB4C-BAC3E0D06AD2}.Ad-Hoc|x86.Build.0 = Release|Any CPU
		{298CB885-A18D-4EEB-BB4C-BAC3E0D06AD2}.Ad-Hoc|x86.Deploy.0 = Release|Any CPU
		{298CB885-A18D-4EEB-BB4C-BAC3E0D06AD2}.AppStore|Any CPU.ActiveCfg = Release|Any CPU
		{298CB885-A18D-4EEB-BB4C-BAC3E0D06AD2}.AppStore|Any CPU.Build.0 = Release|Any CPU
		{298CB885-A18D-4EEB-BB4C-BAC3E0D06AD2}.AppStore|Any CPU.Deploy.0 = Release|Any CPU
		{298CB885-A18D-4EEB-BB4C-BAC3E0D06AD2}.AppStore|ARM.ActiveCfg = Release|Any CPU
		{298CB885-A18D-4EEB-BB4C-BAC3E0D06AD2}.AppStore|ARM.Build.0 = Release|Any CPU
		{298CB885-A18D-4EEB-BB4C-BAC3E0D06AD2}.AppStore|ARM.Deploy.0 = Release|Any CPU
		{298CB885-A18D-4EEB-BB4C-BAC3E0D06AD2}.AppStore|iPhone.ActiveCfg = Release|Any CPU
		{298CB885-A18D-4EEB-BB4C-BAC3E0D06AD2}.AppStore|iPhone.Build.0 = Release|Any CPU
		{298CB885-A18D-4EEB-BB4C-BAC3E0D06AD2}.AppStore|iPhone.Deploy.0 = Release|Any CPU
		{298CB885-A18D-4EEB-BB4C-BAC3E0D06AD2}.AppStore|iPhoneSimulator.ActiveCfg = Release|Any CPU
		{298CB885-A18D-4EEB-BB4C-BAC3E0D06AD2}.AppStore|iPhoneSimulator.Build.0 = Release|Any CPU
		{298CB885-A18D-4EEB-BB4C-BAC3E0D06AD2}.AppStore|iPhoneSimulator.Deploy.0 = Release|Any CPU
		{298CB885-A18D-4EEB-BB4C-BAC3E0D06AD2}.AppStore|x64.ActiveCfg = Release|Any CPU
		{298CB885-A18D-4EEB-BB4C-BAC3E0D06AD2}.AppStore|x64.Build.0 = Release|Any CPU
		{298CB885-A18D-4EEB-BB4C-BAC3E0D06AD2}.AppStore|x64.Deploy.0 = Release|Any CPU
		{298CB885-A18D-4EEB-BB4C-BAC3E0D06AD2}.AppStore|x86.ActiveCfg = Release|Any CPU
		{298CB885-A18D-4EEB-BB4C-BAC3E0D06AD2}.AppStore|x86.Build.0 = Release|Any CPU
		{298CB885-A18D-4EEB-BB4C-BAC3E0D06AD2}.AppStore|x86.Deploy.0 = Release|Any CPU
		{298CB885-A18D-4EEB-BB4C-BAC3E0D06AD2}.Debug|Any CPU.ActiveCfg = Debug|Any CPU
		{298CB885-A18D-4EEB-BB4C-BAC3E0D06AD2}.Debug|Any CPU.Build.0 = Debug|Any CPU
		{298CB885-A18D-4EEB-BB4C-BAC3E0D06AD2}.Debug|Any CPU.Deploy.0 = Debug|Any CPU
		{298CB885-A18D-4EEB-BB4C-BAC3E0D06AD2}.Debug|ARM.ActiveCfg = Debug|Any CPU
		{298CB885-A18D-4EEB-BB4C-BAC3E0D06AD2}.Debug|ARM.Build.0 = Debug|Any CPU
		{298CB885-A18D-4EEB-BB4C-BAC3E0D06AD2}.Debug|ARM.Deploy.0 = Debug|Any CPU
		{298CB885-A18D-4EEB-BB4C-BAC3E0D06AD2}.Debug|iPhone.ActiveCfg = Debug|Any CPU
		{298CB885-A18D-4EEB-BB4C-BAC3E0D06AD2}.Debug|iPhone.Build.0 = Debug|Any CPU
		{298CB885-A18D-4EEB-BB4C-BAC3E0D06AD2}.Debug|iPhone.Deploy.0 = Debug|Any CPU
		{298CB885-A18D-4EEB-BB4C-BAC3E0D06AD2}.Debug|iPhoneSimulator.ActiveCfg = Debug|Any CPU
		{298CB885-A18D-4EEB-BB4C-BAC3E0D06AD2}.Debug|iPhoneSimulator.Build.0 = Debug|Any CPU
		{298CB885-A18D-4EEB-BB4C-BAC3E0D06AD2}.Debug|iPhoneSimulator.Deploy.0 = Debug|Any CPU
		{298CB885-A18D-4EEB-BB4C-BAC3E0D06AD2}.Debug|x64.ActiveCfg = Debug|Any CPU
		{298CB885-A18D-4EEB-BB4C-BAC3E0D06AD2}.Debug|x64.Build.0 = Debug|Any CPU
		{298CB885-A18D-4EEB-BB4C-BAC3E0D06AD2}.Debug|x64.Deploy.0 = Debug|Any CPU
		{298CB885-A18D-4EEB-BB4C-BAC3E0D06AD2}.Debug|x86.ActiveCfg = Debug|Any CPU
		{298CB885-A18D-4EEB-BB4C-BAC3E0D06AD2}.Debug|x86.Build.0 = Debug|Any CPU
		{298CB885-A18D-4EEB-BB4C-BAC3E0D06AD2}.Debug|x86.Deploy.0 = Debug|Any CPU
		{298CB885-A18D-4EEB-BB4C-BAC3E0D06AD2}.Release|Any CPU.ActiveCfg = Release|Any CPU
		{298CB885-A18D-4EEB-BB4C-BAC3E0D06AD2}.Release|Any CPU.Build.0 = Release|Any CPU
		{298CB885-A18D-4EEB-BB4C-BAC3E0D06AD2}.Release|Any CPU.Deploy.0 = Release|Any CPU
		{298CB885-A18D-4EEB-BB4C-BAC3E0D06AD2}.Release|ARM.ActiveCfg = Release|Any CPU
		{298CB885-A18D-4EEB-BB4C-BAC3E0D06AD2}.Release|ARM.Build.0 = Release|Any CPU
		{298CB885-A18D-4EEB-BB4C-BAC3E0D06AD2}.Release|ARM.Deploy.0 = Release|Any CPU
		{298CB885-A18D-4EEB-BB4C-BAC3E0D06AD2}.Release|iPhone.ActiveCfg = Release|Any CPU
		{298CB885-A18D-4EEB-BB4C-BAC3E0D06AD2}.Release|iPhone.Build.0 = Release|Any CPU
		{298CB885-A18D-4EEB-BB4C-BAC3E0D06AD2}.Release|iPhone.Deploy.0 = Release|Any CPU
		{298CB885-A18D-4EEB-BB4C-BAC3E0D06AD2}.Release|iPhoneSimulator.ActiveCfg = Release|Any CPU
		{298CB885-A18D-4EEB-BB4C-BAC3E0D06AD2}.Release|iPhoneSimulator.Build.0 = Release|Any CPU
		{298CB885-A18D-4EEB-BB4C-BAC3E0D06AD2}.Release|iPhoneSimulator.Deploy.0 = Release|Any CPU
		{298CB885-A18D-4EEB-BB4C-BAC3E0D06AD2}.Release|x64.ActiveCfg = Release|Any CPU
		{298CB885-A18D-4EEB-BB4C-BAC3E0D06AD2}.Release|x64.Build.0 = Release|Any CPU
		{298CB885-A18D-4EEB-BB4C-BAC3E0D06AD2}.Release|x64.Deploy.0 = Release|Any CPU
		{298CB885-A18D-4EEB-BB4C-BAC3E0D06AD2}.Release|x86.ActiveCfg = Release|Any CPU
		{298CB885-A18D-4EEB-BB4C-BAC3E0D06AD2}.Release|x86.Build.0 = Release|Any CPU
		{298CB885-A18D-4EEB-BB4C-BAC3E0D06AD2}.Release|x86.Deploy.0 = Release|Any CPU
		{A4E1E75F-487A-47AB-9006-1E8CB68444C4}.Ad-Hoc|Any CPU.ActiveCfg = Ad-Hoc|iPhone
		{A4E1E75F-487A-47AB-9006-1E8CB68444C4}.Ad-Hoc|ARM.ActiveCfg = Ad-Hoc|iPhone
		{A4E1E75F-487A-47AB-9006-1E8CB68444C4}.Ad-Hoc|iPhone.ActiveCfg = Ad-Hoc|iPhone
		{A4E1E75F-487A-47AB-9006-1E8CB68444C4}.Ad-Hoc|iPhone.Build.0 = Ad-Hoc|iPhone
		{A4E1E75F-487A-47AB-9006-1E8CB68444C4}.Ad-Hoc|iPhoneSimulator.ActiveCfg = Ad-Hoc|iPhoneSimulator
		{A4E1E75F-487A-47AB-9006-1E8CB68444C4}.Ad-Hoc|iPhoneSimulator.Build.0 = Ad-Hoc|iPhoneSimulator
		{A4E1E75F-487A-47AB-9006-1E8CB68444C4}.Ad-Hoc|x64.ActiveCfg = Ad-Hoc|iPhone
		{A4E1E75F-487A-47AB-9006-1E8CB68444C4}.Ad-Hoc|x86.ActiveCfg = Ad-Hoc|iPhone
		{A4E1E75F-487A-47AB-9006-1E8CB68444C4}.AppStore|Any CPU.ActiveCfg = AppStore|iPhone
		{A4E1E75F-487A-47AB-9006-1E8CB68444C4}.AppStore|ARM.ActiveCfg = AppStore|iPhone
		{A4E1E75F-487A-47AB-9006-1E8CB68444C4}.AppStore|iPhone.ActiveCfg = AppStore|iPhone
		{A4E1E75F-487A-47AB-9006-1E8CB68444C4}.AppStore|iPhone.Build.0 = AppStore|iPhone
		{A4E1E75F-487A-47AB-9006-1E8CB68444C4}.AppStore|iPhoneSimulator.ActiveCfg = AppStore|iPhoneSimulator
		{A4E1E75F-487A-47AB-9006-1E8CB68444C4}.AppStore|iPhoneSimulator.Build.0 = AppStore|iPhoneSimulator
		{A4E1E75F-487A-47AB-9006-1E8CB68444C4}.AppStore|x64.ActiveCfg = AppStore|iPhone
		{A4E1E75F-487A-47AB-9006-1E8CB68444C4}.AppStore|x86.ActiveCfg = AppStore|iPhone
		{A4E1E75F-487A-47AB-9006-1E8CB68444C4}.Debug|Any CPU.ActiveCfg = Debug|iPhone
		{A4E1E75F-487A-47AB-9006-1E8CB68444C4}.Debug|Any CPU.Build.0 = Debug|iPhone
		{A4E1E75F-487A-47AB-9006-1E8CB68444C4}.Debug|ARM.ActiveCfg = Debug|iPhone
		{A4E1E75F-487A-47AB-9006-1E8CB68444C4}.Debug|iPhone.ActiveCfg = Debug|iPhone
		{A4E1E75F-487A-47AB-9006-1E8CB68444C4}.Debug|iPhone.Build.0 = Debug|iPhone
		{A4E1E75F-487A-47AB-9006-1E8CB68444C4}.Debug|iPhoneSimulator.ActiveCfg = Debug|iPhoneSimulator
		{A4E1E75F-487A-47AB-9006-1E8CB68444C4}.Debug|iPhoneSimulator.Build.0 = Debug|iPhoneSimulator
		{A4E1E75F-487A-47AB-9006-1E8CB68444C4}.Debug|x64.ActiveCfg = Debug|iPhone
		{A4E1E75F-487A-47AB-9006-1E8CB68444C4}.Debug|x86.ActiveCfg = Debug|iPhone
		{A4E1E75F-487A-47AB-9006-1E8CB68444C4}.Release|Any CPU.ActiveCfg = Release|iPhone
		{A4E1E75F-487A-47AB-9006-1E8CB68444C4}.Release|ARM.ActiveCfg = Release|iPhone
		{A4E1E75F-487A-47AB-9006-1E8CB68444C4}.Release|iPhone.ActiveCfg = Release|iPhone
		{A4E1E75F-487A-47AB-9006-1E8CB68444C4}.Release|iPhone.Build.0 = Release|iPhone
		{A4E1E75F-487A-47AB-9006-1E8CB68444C4}.Release|iPhoneSimulator.ActiveCfg = Release|iPhoneSimulator
		{A4E1E75F-487A-47AB-9006-1E8CB68444C4}.Release|iPhoneSimulator.Build.0 = Release|iPhoneSimulator
		{A4E1E75F-487A-47AB-9006-1E8CB68444C4}.Release|x64.ActiveCfg = Release|iPhone
		{A4E1E75F-487A-47AB-9006-1E8CB68444C4}.Release|x86.ActiveCfg = Release|iPhone
		{56062473-08DF-444A-859E-913A5F969E87}.Ad-Hoc|Any CPU.ActiveCfg = Release|Any CPU
		{56062473-08DF-444A-859E-913A5F969E87}.Ad-Hoc|Any CPU.Build.0 = Release|Any CPU
		{56062473-08DF-444A-859E-913A5F969E87}.Ad-Hoc|Any CPU.Deploy.0 = Release|Any CPU
		{56062473-08DF-444A-859E-913A5F969E87}.Ad-Hoc|ARM.ActiveCfg = Release|ARM
		{56062473-08DF-444A-859E-913A5F969E87}.Ad-Hoc|ARM.Build.0 = Release|ARM
		{56062473-08DF-444A-859E-913A5F969E87}.Ad-Hoc|ARM.Deploy.0 = Release|ARM
		{56062473-08DF-444A-859E-913A5F969E87}.Ad-Hoc|iPhone.ActiveCfg = Release|Any CPU
		{56062473-08DF-444A-859E-913A5F969E87}.Ad-Hoc|iPhone.Build.0 = Release|Any CPU
		{56062473-08DF-444A-859E-913A5F969E87}.Ad-Hoc|iPhone.Deploy.0 = Release|Any CPU
		{56062473-08DF-444A-859E-913A5F969E87}.Ad-Hoc|iPhoneSimulator.ActiveCfg = Release|Any CPU
		{56062473-08DF-444A-859E-913A5F969E87}.Ad-Hoc|iPhoneSimulator.Build.0 = Release|Any CPU
		{56062473-08DF-444A-859E-913A5F969E87}.Ad-Hoc|iPhoneSimulator.Deploy.0 = Release|Any CPU
		{56062473-08DF-444A-859E-913A5F969E87}.Ad-Hoc|x64.ActiveCfg = Release|Any CPU
		{56062473-08DF-444A-859E-913A5F969E87}.Ad-Hoc|x64.Build.0 = Release|Any CPU
		{56062473-08DF-444A-859E-913A5F969E87}.Ad-Hoc|x64.Deploy.0 = Release|Any CPU
		{56062473-08DF-444A-859E-913A5F969E87}.Ad-Hoc|x86.ActiveCfg = Release|x86
		{56062473-08DF-444A-859E-913A5F969E87}.Ad-Hoc|x86.Build.0 = Release|x86
		{56062473-08DF-444A-859E-913A5F969E87}.Ad-Hoc|x86.Deploy.0 = Release|x86
		{56062473-08DF-444A-859E-913A5F969E87}.AppStore|Any CPU.ActiveCfg = Release|Any CPU
		{56062473-08DF-444A-859E-913A5F969E87}.AppStore|Any CPU.Build.0 = Release|Any CPU
		{56062473-08DF-444A-859E-913A5F969E87}.AppStore|Any CPU.Deploy.0 = Release|Any CPU
		{56062473-08DF-444A-859E-913A5F969E87}.AppStore|ARM.ActiveCfg = Release|ARM
		{56062473-08DF-444A-859E-913A5F969E87}.AppStore|ARM.Build.0 = Release|ARM
		{56062473-08DF-444A-859E-913A5F969E87}.AppStore|ARM.Deploy.0 = Release|ARM
		{56062473-08DF-444A-859E-913A5F969E87}.AppStore|iPhone.ActiveCfg = Release|Any CPU
		{56062473-08DF-444A-859E-913A5F969E87}.AppStore|iPhone.Build.0 = Release|Any CPU
		{56062473-08DF-444A-859E-913A5F969E87}.AppStore|iPhone.Deploy.0 = Release|Any CPU
		{56062473-08DF-444A-859E-913A5F969E87}.AppStore|iPhoneSimulator.ActiveCfg = Release|Any CPU
		{56062473-08DF-444A-859E-913A5F969E87}.AppStore|iPhoneSimulator.Build.0 = Release|Any CPU
		{56062473-08DF-444A-859E-913A5F969E87}.AppStore|iPhoneSimulator.Deploy.0 = Release|Any CPU
		{56062473-08DF-444A-859E-913A5F969E87}.AppStore|x64.ActiveCfg = Release|Any CPU
		{56062473-08DF-444A-859E-913A5F969E87}.AppStore|x64.Build.0 = Release|Any CPU
		{56062473-08DF-444A-859E-913A5F969E87}.AppStore|x64.Deploy.0 = Release|Any CPU
		{56062473-08DF-444A-859E-913A5F969E87}.AppStore|x86.ActiveCfg = Release|x86
		{56062473-08DF-444A-859E-913A5F969E87}.AppStore|x86.Build.0 = Release|x86
		{56062473-08DF-444A-859E-913A5F969E87}.AppStore|x86.Deploy.0 = Release|x86
		{56062473-08DF-444A-859E-913A5F969E87}.Debug|Any CPU.ActiveCfg = Debug|Any CPU
		{56062473-08DF-444A-859E-913A5F969E87}.Debug|Any CPU.Build.0 = Debug|Any CPU
		{56062473-08DF-444A-859E-913A5F969E87}.Debug|Any CPU.Deploy.0 = Debug|Any CPU
		{56062473-08DF-444A-859E-913A5F969E87}.Debug|ARM.ActiveCfg = Debug|ARM
		{56062473-08DF-444A-859E-913A5F969E87}.Debug|ARM.Build.0 = Debug|ARM
		{56062473-08DF-444A-859E-913A5F969E87}.Debug|ARM.Deploy.0 = Debug|ARM
		{56062473-08DF-444A-859E-913A5F969E87}.Debug|iPhone.ActiveCfg = Debug|Any CPU
		{56062473-08DF-444A-859E-913A5F969E87}.Debug|iPhone.Build.0 = Debug|Any CPU
		{56062473-08DF-444A-859E-913A5F969E87}.Debug|iPhone.Deploy.0 = Debug|Any CPU
		{56062473-08DF-444A-859E-913A5F969E87}.Debug|iPhoneSimulator.ActiveCfg = Debug|Any CPU
		{56062473-08DF-444A-859E-913A5F969E87}.Debug|iPhoneSimulator.Build.0 = Debug|Any CPU
		{56062473-08DF-444A-859E-913A5F969E87}.Debug|iPhoneSimulator.Deploy.0 = Debug|Any CPU
		{56062473-08DF-444A-859E-913A5F969E87}.Debug|x64.ActiveCfg = Debug|Any CPU
		{56062473-08DF-444A-859E-913A5F969E87}.Debug|x64.Build.0 = Debug|Any CPU
		{56062473-08DF-444A-859E-913A5F969E87}.Debug|x64.Deploy.0 = Debug|Any CPU
		{56062473-08DF-444A-859E-913A5F969E87}.Debug|x86.ActiveCfg = Debug|x86
		{56062473-08DF-444A-859E-913A5F969E87}.Debug|x86.Build.0 = Debug|x86
		{56062473-08DF-444A-859E-913A5F969E87}.Debug|x86.Deploy.0 = Debug|x86
		{56062473-08DF-444A-859E-913A5F969E87}.Release|Any CPU.ActiveCfg = Release|Any CPU
		{56062473-08DF-444A-859E-913A5F969E87}.Release|Any CPU.Build.0 = Release|Any CPU
		{56062473-08DF-444A-859E-913A5F969E87}.Release|Any CPU.Deploy.0 = Release|Any CPU
		{56062473-08DF-444A-859E-913A5F969E87}.Release|ARM.ActiveCfg = Release|ARM
		{56062473-08DF-444A-859E-913A5F969E87}.Release|ARM.Build.0 = Release|ARM
		{56062473-08DF-444A-859E-913A5F969E87}.Release|ARM.Deploy.0 = Release|ARM
		{56062473-08DF-444A-859E-913A5F969E87}.Release|iPhone.ActiveCfg = Release|Any CPU
		{56062473-08DF-444A-859E-913A5F969E87}.Release|iPhone.Build.0 = Release|Any CPU
		{56062473-08DF-444A-859E-913A5F969E87}.Release|iPhone.Deploy.0 = Release|Any CPU
		{56062473-08DF-444A-859E-913A5F969E87}.Release|iPhoneSimulator.ActiveCfg = Release|Any CPU
		{56062473-08DF-444A-859E-913A5F969E87}.Release|iPhoneSimulator.Build.0 = Release|Any CPU
		{56062473-08DF-444A-859E-913A5F969E87}.Release|iPhoneSimulator.Deploy.0 = Release|Any CPU
		{56062473-08DF-444A-859E-913A5F969E87}.Release|x64.ActiveCfg = Release|Any CPU
		{56062473-08DF-444A-859E-913A5F969E87}.Release|x64.Build.0 = Release|Any CPU
		{56062473-08DF-444A-859E-913A5F969E87}.Release|x64.Deploy.0 = Release|Any CPU
		{56062473-08DF-444A-859E-913A5F969E87}.Release|x86.ActiveCfg = Release|x86
		{56062473-08DF-444A-859E-913A5F969E87}.Release|x86.Build.0 = Release|x86
		{56062473-08DF-444A-859E-913A5F969E87}.Release|x86.Deploy.0 = Release|x86
		{5D2F019F-5CDD-4CC2-B87D-EB4E2B4BFDDC}.Ad-Hoc|Any CPU.ActiveCfg = Release|x86
		{5D2F019F-5CDD-4CC2-B87D-EB4E2B4BFDDC}.Ad-Hoc|Any CPU.Build.0 = Release|x86
		{5D2F019F-5CDD-4CC2-B87D-EB4E2B4BFDDC}.Ad-Hoc|Any CPU.Deploy.0 = Release|x86
		{5D2F019F-5CDD-4CC2-B87D-EB4E2B4BFDDC}.Ad-Hoc|ARM.ActiveCfg = Release|ARM
		{5D2F019F-5CDD-4CC2-B87D-EB4E2B4BFDDC}.Ad-Hoc|ARM.Build.0 = Release|ARM
		{5D2F019F-5CDD-4CC2-B87D-EB4E2B4BFDDC}.Ad-Hoc|ARM.Deploy.0 = Release|ARM
		{5D2F019F-5CDD-4CC2-B87D-EB4E2B4BFDDC}.Ad-Hoc|iPhone.ActiveCfg = Release|x86
		{5D2F019F-5CDD-4CC2-B87D-EB4E2B4BFDDC}.Ad-Hoc|iPhone.Build.0 = Release|x86
		{5D2F019F-5CDD-4CC2-B87D-EB4E2B4BFDDC}.Ad-Hoc|iPhone.Deploy.0 = Release|x86
		{5D2F019F-5CDD-4CC2-B87D-EB4E2B4BFDDC}.Ad-Hoc|iPhoneSimulator.ActiveCfg = Release|x86
		{5D2F019F-5CDD-4CC2-B87D-EB4E2B4BFDDC}.Ad-Hoc|iPhoneSimulator.Build.0 = Release|x86
		{5D2F019F-5CDD-4CC2-B87D-EB4E2B4BFDDC}.Ad-Hoc|iPhoneSimulator.Deploy.0 = Release|x86
		{5D2F019F-5CDD-4CC2-B87D-EB4E2B4BFDDC}.Ad-Hoc|x64.ActiveCfg = Release|x64
		{5D2F019F-5CDD-4CC2-B87D-EB4E2B4BFDDC}.Ad-Hoc|x64.Build.0 = Release|x64
		{5D2F019F-5CDD-4CC2-B87D-EB4E2B4BFDDC}.Ad-Hoc|x64.Deploy.0 = Release|x64
		{5D2F019F-5CDD-4CC2-B87D-EB4E2B4BFDDC}.Ad-Hoc|x86.ActiveCfg = Release|x86
		{5D2F019F-5CDD-4CC2-B87D-EB4E2B4BFDDC}.Ad-Hoc|x86.Build.0 = Release|x86
		{5D2F019F-5CDD-4CC2-B87D-EB4E2B4BFDDC}.Ad-Hoc|x86.Deploy.0 = Release|x86
		{5D2F019F-5CDD-4CC2-B87D-EB4E2B4BFDDC}.AppStore|Any CPU.ActiveCfg = Release|x86
		{5D2F019F-5CDD-4CC2-B87D-EB4E2B4BFDDC}.AppStore|Any CPU.Build.0 = Release|x86
		{5D2F019F-5CDD-4CC2-B87D-EB4E2B4BFDDC}.AppStore|Any CPU.Deploy.0 = Release|x86
		{5D2F019F-5CDD-4CC2-B87D-EB4E2B4BFDDC}.AppStore|ARM.ActiveCfg = Release|ARM
		{5D2F019F-5CDD-4CC2-B87D-EB4E2B4BFDDC}.AppStore|ARM.Build.0 = Release|ARM
		{5D2F019F-5CDD-4CC2-B87D-EB4E2B4BFDDC}.AppStore|ARM.Deploy.0 = Release|ARM
		{5D2F019F-5CDD-4CC2-B87D-EB4E2B4BFDDC}.AppStore|iPhone.ActiveCfg = Release|x86
		{5D2F019F-5CDD-4CC2-B87D-EB4E2B4BFDDC}.AppStore|iPhone.Build.0 = Release|x86
		{5D2F019F-5CDD-4CC2-B87D-EB4E2B4BFDDC}.AppStore|iPhone.Deploy.0 = Release|x86
		{5D2F019F-5CDD-4CC2-B87D-EB4E2B4BFDDC}.AppStore|iPhoneSimulator.ActiveCfg = Release|x86
		{5D2F019F-5CDD-4CC2-B87D-EB4E2B4BFDDC}.AppStore|iPhoneSimulator.Build.0 = Release|x86
		{5D2F019F-5CDD-4CC2-B87D-EB4E2B4BFDDC}.AppStore|iPhoneSimulator.Deploy.0 = Release|x86
		{5D2F019F-5CDD-4CC2-B87D-EB4E2B4BFDDC}.AppStore|x64.ActiveCfg = Release|x64
		{5D2F019F-5CDD-4CC2-B87D-EB4E2B4BFDDC}.AppStore|x64.Build.0 = Release|x64
		{5D2F019F-5CDD-4CC2-B87D-EB4E2B4BFDDC}.AppStore|x64.Deploy.0 = Release|x64
		{5D2F019F-5CDD-4CC2-B87D-EB4E2B4BFDDC}.AppStore|x86.ActiveCfg = Release|x86
		{5D2F019F-5CDD-4CC2-B87D-EB4E2B4BFDDC}.AppStore|x86.Build.0 = Release|x86
		{5D2F019F-5CDD-4CC2-B87D-EB4E2B4BFDDC}.AppStore|x86.Deploy.0 = Release|x86
		{5D2F019F-5CDD-4CC2-B87D-EB4E2B4BFDDC}.Debug|Any CPU.ActiveCfg = Debug|x86
		{5D2F019F-5CDD-4CC2-B87D-EB4E2B4BFDDC}.Debug|Any CPU.Build.0 = Debug|x86
		{5D2F019F-5CDD-4CC2-B87D-EB4E2B4BFDDC}.Debug|Any CPU.Deploy.0 = Debug|x86
		{5D2F019F-5CDD-4CC2-B87D-EB4E2B4BFDDC}.Debug|ARM.ActiveCfg = Debug|ARM
		{5D2F019F-5CDD-4CC2-B87D-EB4E2B4BFDDC}.Debug|ARM.Build.0 = Debug|ARM
		{5D2F019F-5CDD-4CC2-B87D-EB4E2B4BFDDC}.Debug|ARM.Deploy.0 = Debug|ARM
		{5D2F019F-5CDD-4CC2-B87D-EB4E2B4BFDDC}.Debug|iPhone.ActiveCfg = Debug|x86
		{5D2F019F-5CDD-4CC2-B87D-EB4E2B4BFDDC}.Debug|iPhoneSimulator.ActiveCfg = Debug|x86
		{5D2F019F-5CDD-4CC2-B87D-EB4E2B4BFDDC}.Debug|x64.ActiveCfg = Debug|x64
		{5D2F019F-5CDD-4CC2-B87D-EB4E2B4BFDDC}.Debug|x64.Build.0 = Debug|x64
		{5D2F019F-5CDD-4CC2-B87D-EB4E2B4BFDDC}.Debug|x64.Deploy.0 = Debug|x64
		{5D2F019F-5CDD-4CC2-B87D-EB4E2B4BFDDC}.Debug|x86.ActiveCfg = Debug|x86
		{5D2F019F-5CDD-4CC2-B87D-EB4E2B4BFDDC}.Debug|x86.Build.0 = Debug|x86
		{5D2F019F-5CDD-4CC2-B87D-EB4E2B4BFDDC}.Debug|x86.Deploy.0 = Debug|x86
		{5D2F019F-5CDD-4CC2-B87D-EB4E2B4BFDDC}.Release|Any CPU.ActiveCfg = Release|x86
		{5D2F019F-5CDD-4CC2-B87D-EB4E2B4BFDDC}.Release|ARM.ActiveCfg = Release|ARM
		{5D2F019F-5CDD-4CC2-B87D-EB4E2B4BFDDC}.Release|ARM.Build.0 = Release|ARM
		{5D2F019F-5CDD-4CC2-B87D-EB4E2B4BFDDC}.Release|ARM.Deploy.0 = Release|ARM
		{5D2F019F-5CDD-4CC2-B87D-EB4E2B4BFDDC}.Release|iPhone.ActiveCfg = Release|x86
		{5D2F019F-5CDD-4CC2-B87D-EB4E2B4BFDDC}.Release|iPhoneSimulator.ActiveCfg = Release|x86
		{5D2F019F-5CDD-4CC2-B87D-EB4E2B4BFDDC}.Release|x64.ActiveCfg = Release|x64
		{5D2F019F-5CDD-4CC2-B87D-EB4E2B4BFDDC}.Release|x64.Build.0 = Release|x64
		{5D2F019F-5CDD-4CC2-B87D-EB4E2B4BFDDC}.Release|x64.Deploy.0 = Release|x64
		{5D2F019F-5CDD-4CC2-B87D-EB4E2B4BFDDC}.Release|x86.ActiveCfg = Release|x86
		{5D2F019F-5CDD-4CC2-B87D-EB4E2B4BFDDC}.Release|x86.Build.0 = Release|x86
		{5D2F019F-5CDD-4CC2-B87D-EB4E2B4BFDDC}.Release|x86.Deploy.0 = Release|x86
	EndGlobalSection
	GlobalSection(SolutionProperties) = preSolution
		HideSolutionNode = FALSE
	EndGlobalSection
EndGlobal
